
Microsoft Visual Studio Solution File, Format Version 12.00
# Visual Studio 15
VisualStudioVersion = 15.0.28307.271
MinimumVisualStudioVersion = 10.0.40219.1
Project("{FAE04EC0-301F-11D3-BF4B-00C04F79EFBC}") = "Monte-Carlo", "Monte-Carlo\Monte-Carlo.csproj", "{72E82798-0B06-4AE8-8F12-DD7617D71B46}"
EndProject
Global
	GlobalSection(SolutionConfigurationPlatforms) = preSolution
		Debug|Any CPU = Debug|Any CPU
		Release|Any CPU = Release|Any CPU
	EndGlobalSection
	GlobalSection(ProjectConfigurationPlatforms) = postSolution
		{72E82798-0B06-4AE8-8F12-DD7617D71B46}.Debug|Any CPU.ActiveCfg = Debug|Any CPU
		{72E82798-0B06-4AE8-8F12-DD7617D71B46}.Debug|Any CPU.Build.0 = Debug|Any CPU
		{72E82798-0B06-4AE8-8F12-DD7617D71B46}.Release|Any CPU.ActiveCfg = Release|Any CPU
		{72E82798-0B06-4AE8-8F12-DD7617D71B46}.Release|Any CPU.Build.0 = Release|Any CPU
	EndGlobalSection
	GlobalSection(SolutionProperties) = preSolution
		HideSolutionNode = FALSE
	EndGlobalSection
	GlobalSection(ExtensibilityGlobals) = postSolution
		SolutionGuid = {83B75F43-07B0-4CA5-9C0A-A366E2312349}
	EndGlobalSection
EndGlobal
